
Microsoft Visual Studio Solution File, Format Version 12.00
# Visual Studio Version 17
VisualStudioVersion = 17.2.32630.192
MinimumVisualStudioVersion = 10.0.40219.1
Project("{2150E333-8FDC-42A3-9474-1A3956D46DE8}") = "Client", "Client", "{56CB3AF7-B688-4BB1-8A93-3B57259C8DD1}"
EndProject
Project("{2150E333-8FDC-42A3-9474-1A3956D46DE8}") = "TestUnit", "TestUnit", "{9192A210-8003-4557-99F6-5CCDFCD0DBEB}"
EndProject
Project("{9A19103F-16F7-4668-BE54-9A1E7A4F7556}") = "UnoNet.Client", "..\UnoNet.Client\UnoNet.Client.csproj", "{F0EE7D3D-B3D3-4DA6-A52F-68E58E3ED0F8}"
EndProject
Project("{9A19103F-16F7-4668-BE54-9A1E7A4F7556}") = "UnoNetClientTest", "..\UnoNetClientTest\UnoNetClientTest.csproj", "{37CF9FC0-EA3D-4B83-A250-CDE1BFF21445}"
EndProject
Project("{9A19103F-16F7-4668-BE54-9A1E7A4F7556}") = "UnoNet.Server", "..\UnoNet.Server\UnoNet.Server.csproj", "{46A0AC42-0B40-4FDB-B352-580C6636AC96}"
EndProject
Project("{9A19103F-16F7-4668-BE54-9A1E7A4F7556}") = "UnoNetServerTest", "..\UnoNetServerTest\UnoNetServerTest.csproj", "{968D29B6-B557-4103-95C6-00897CC45643}"
EndProject
Project("{2150E333-8FDC-42A3-9474-1A3956D46DE8}") = "Server", "Server", "{F591194C-BECA-440B-9EF7-E35DC3F6AED2}"
EndProject
Project("{9A19103F-16F7-4668-BE54-9A1E7A4F7556}") = "UnoNet.Core", "..\UnoNet.Core\UnoNet.Core.csproj", "{9BF4C9A9-1C5A-403D-9253-14A9D0EF9828}"
EndProject
Global
	GlobalSection(SolutionConfigurationPlatforms) = preSolution
		Debug|Any CPU = Debug|Any CPU
		Release|Any CPU = Release|Any CPU
	EndGlobalSection
	GlobalSection(ProjectConfigurationPlatforms) = postSolution
		{F0EE7D3D-B3D3-4DA6-A52F-68E58E3ED0F8}.Debug|Any CPU.ActiveCfg = Debug|Any CPU
		{F0EE7D3D-B3D3-4DA6-A52F-68E58E3ED0F8}.Debug|Any CPU.Build.0 = Debug|Any CPU
		{F0EE7D3D-B3D3-4DA6-A52F-68E58E3ED0F8}.Release|Any CPU.ActiveCfg = Release|Any CPU
		{F0EE7D3D-B3D3-4DA6-A52F-68E58E3ED0F8}.Release|Any CPU.Build.0 = Release|Any CPU
		{37CF9FC0-EA3D-4B83-A250-CDE1BFF21445}.Debug|Any CPU.ActiveCfg = Debug|Any CPU
		{37CF9FC0-EA3D-4B83-A250-CDE1BFF21445}.Debug|Any CPU.Build.0 = Debug|Any CPU
		{37CF9FC0-EA3D-4B83-A250-CDE1BFF21445}.Release|Any CPU.ActiveCfg = Release|Any CPU
		{37CF9FC0-EA3D-4B83-A250-CDE1BFF21445}.Release|Any CPU.Build.0 = Release|Any CPU
		{46A0AC42-0B40-4FDB-B352-580C6636AC96}.Debug|Any CPU.ActiveCfg = Debug|Any CPU
		{46A0AC42-0B40-4FDB-B352-580C6636AC96}.Debug|Any CPU.Build.0 = Debug|Any CPU
		{46A0AC42-0B40-4FDB-B352-580C6636AC96}.Release|Any CPU.ActiveCfg = Release|Any CPU
		{46A0AC42-0B40-4FDB-B352-580C6636AC96}.Release|Any CPU.Build.0 = Release|Any CPU
		{968D29B6-B557-4103-95C6-00897CC45643}.Debug|Any CPU.ActiveCfg = Debug|Any CPU
		{968D29B6-B557-4103-95C6-00897CC45643}.Debug|Any CPU.Build.0 = Debug|Any CPU
		{968D29B6-B557-4103-95C6-00897CC45643}.Release|Any CPU.ActiveCfg = Release|Any CPU
		{968D29B6-B557-4103-95C6-00897CC45643}.Release|Any CPU.Build.0 = Release|Any CPU
		{9BF4C9A9-1C5A-403D-9253-14A9D0EF9828}.Debug|Any CPU.ActiveCfg = Debug|Any CPU
		{9BF4C9A9-1C5A-403D-9253-14A9D0EF9828}.Debug|Any CPU.Build.0 = Debug|Any CPU
		{9BF4C9A9-1C5A-403D-9253-14A9D0EF9828}.Release|Any CPU.ActiveCfg = Release|Any CPU
		{9BF4C9A9-1C5A-403D-9253-14A9D0EF9828}.Release|Any CPU.Build.0 = Release|Any CPU
	EndGlobalSection
	GlobalSection(SolutionProperties) = preSolution
		HideSolutionNode = FALSE
	EndGlobalSection
	GlobalSection(NestedProjects) = preSolution
		{F0EE7D3D-B3D3-4DA6-A52F-68E58E3ED0F8} = {56CB3AF7-B688-4BB1-8A93-3B57259C8DD1}
		{37CF9FC0-EA3D-4B83-A250-CDE1BFF21445} = {9192A210-8003-4557-99F6-5CCDFCD0DBEB}
		{46A0AC42-0B40-4FDB-B352-580C6636AC96} = {F591194C-BECA-440B-9EF7-E35DC3F6AED2}
		{968D29B6-B557-4103-95C6-00897CC45643} = {9192A210-8003-4557-99F6-5CCDFCD0DBEB}
	EndGlobalSection
	GlobalSection(ExtensibilityGlobals) = postSolution
		SolutionGuid = {D34DB370-772D-4D82-8957-D8E073837677}
	EndGlobalSection
EndGlobal
